
Microsoft Visual Studio Solution File, Format Version 12.00
# Visual Studio Version 17
VisualStudioVersion = 17.4.33110.190
MinimumVisualStudioVersion = 10.0.40219.1
Project("{FAE04EC0-301F-11D3-BF4B-00C04F79EFBC}") = "PW-Lab9", "PW-Lab9\PW-Lab9.csproj", "{D27AE488-ACAB-418D-A3C4-2FD2FEB3FE84}"
EndProject
Global
	GlobalSection(SolutionConfigurationPlatforms) = preSolution
		Debug|Any CPU = Debug|Any CPU
		Release|Any CPU = Release|Any CPU
	EndGlobalSection
	GlobalSection(ProjectConfigurationPlatforms) = postSolution
		{D27AE488-ACAB-418D-A3C4-2FD2FEB3FE84}.Debug|Any CPU.ActiveCfg = Debug|Any CPU
		{D27AE488-ACAB-418D-A3C4-2FD2FEB3FE84}.Debug|Any CPU.Build.0 = Debug|Any CPU
		{D27AE488-ACAB-418D-A3C4-2FD2FEB3FE84}.Release|Any CPU.ActiveCfg = Release|Any CPU
		{D27AE488-ACAB-418D-A3C4-2FD2FEB3FE84}.Release|Any CPU.Build.0 = Release|Any CPU
	EndGlobalSection
	GlobalSection(SolutionProperties) = preSolution
		HideSolutionNode = FALSE
	EndGlobalSection
	GlobalSection(ExtensibilityGlobals) = postSolution
		SolutionGuid = {705DA254-CBFE-45B1-A48F-3E3DE5A675BA}
	EndGlobalSection
EndGlobal
